
Microsoft Visual Studio Solution File, Format Version 12.00
# Visual Studio Version 16
VisualStudioVersion = 16.0.31613.86
MinimumVisualStudioVersion = 10.0.40219.1
Project("{FAE04EC0-301F-11D3-BF4B-00C04F79EFBC}") = "ShopOnline.WebApp", "ShopOnline.WebApp\ShopOnline.WebApp.csproj", "{A51411D7-F41B-46FC-9C9E-ADE3BC28216A}"
EndProject
Global
	GlobalSection(SolutionConfigurationPlatforms) = preSolution
		Debug|Any CPU = Debug|Any CPU
		Release|Any CPU = Release|Any CPU
	EndGlobalSection
	GlobalSection(ProjectConfigurationPlatforms) = postSolution
		{A51411D7-F41B-46FC-9C9E-ADE3BC28216A}.Debug|Any CPU.ActiveCfg = Debug|Any CPU
		{A51411D7-F41B-46FC-9C9E-ADE3BC28216A}.Debug|Any CPU.Build.0 = Debug|Any CPU
		{A51411D7-F41B-46FC-9C9E-ADE3BC28216A}.Release|Any CPU.ActiveCfg = Release|Any CPU
		{A51411D7-F41B-46FC-9C9E-ADE3BC28216A}.Release|Any CPU.Build.0 = Release|Any CPU
	EndGlobalSection
	GlobalSection(SolutionProperties) = preSolution
		HideSolutionNode = FALSE
	EndGlobalSection
	GlobalSection(ExtensibilityGlobals) = postSolution
		SolutionGuid = {974F2A2E-F4F9-4788-9E07-C0DB8E43D92A}
	EndGlobalSection
EndGlobal
